
Microsoft Visual Studio Solution File, Format Version 12.00
# Visual Studio 2015
Project("{FAE04EC0-301F-11D3-BF4B-00C04F79EFBC}") = "Kinect-vs-Autism-project-CSI-2.CSharp.Plugins", "Kinect-vs-Autism-project-CSI-2.CSharp.Plugins.csproj", "{734A04E8-7A8C-6629-4C5A-E75458C93A12}"
EndProject
Project("{FAE04EC0-301F-11D3-BF4B-00C04F79EFBC}") = "Kinect-vs-Autism-project-CSI-2.CSharp", "Kinect-vs-Autism-project-CSI-2.CSharp.csproj", "{434339E8-232B-DA20-6FA5-385D04399DF3}"
EndProject
Project("{FAE04EC0-301F-11D3-BF4B-00C04F79EFBC}") = "Kinect-vs-Autism-project-CSI-2.CSharp.Editor.Plugins", "Kinect-vs-Autism-project-CSI-2.CSharp.Editor.Plugins.csproj", "{FDCE46CE-8A8E-49CA-6B29-6BB1B109DF72}"
EndProject
Global
	GlobalSection(SolutionConfigurationPlatforms) = preSolution
		Debug|Any CPU = Debug|Any CPU
		Release|Any CPU = Release|Any CPU
	EndGlobalSection
	GlobalSection(ProjectConfigurationPlatforms) = postSolution
		{734A04E8-7A8C-6629-4C5A-E75458C93A12}.Debug|Any CPU.ActiveCfg = Debug|Any CPU
		{734A04E8-7A8C-6629-4C5A-E75458C93A12}.Debug|Any CPU.Build.0 = Debug|Any CPU
		{734A04E8-7A8C-6629-4C5A-E75458C93A12}.Release|Any CPU.ActiveCfg = Release|Any CPU
		{734A04E8-7A8C-6629-4C5A-E75458C93A12}.Release|Any CPU.Build.0 = Release|Any CPU
		{434339E8-232B-DA20-6FA5-385D04399DF3}.Debug|Any CPU.ActiveCfg = Debug|Any CPU
		{434339E8-232B-DA20-6FA5-385D04399DF3}.Debug|Any CPU.Build.0 = Debug|Any CPU
		{434339E8-232B-DA20-6FA5-385D04399DF3}.Release|Any CPU.ActiveCfg = Release|Any CPU
		{434339E8-232B-DA20-6FA5-385D04399DF3}.Release|Any CPU.Build.0 = Release|Any CPU
		{FDCE46CE-8A8E-49CA-6B29-6BB1B109DF72}.Debug|Any CPU.ActiveCfg = Debug|Any CPU
		{FDCE46CE-8A8E-49CA-6B29-6BB1B109DF72}.Debug|Any CPU.Build.0 = Debug|Any CPU
		{FDCE46CE-8A8E-49CA-6B29-6BB1B109DF72}.Release|Any CPU.ActiveCfg = Release|Any CPU
		{FDCE46CE-8A8E-49CA-6B29-6BB1B109DF72}.Release|Any CPU.Build.0 = Release|Any CPU
	EndGlobalSection
	GlobalSection(SolutionProperties) = preSolution
		HideSolutionNode = FALSE
	EndGlobalSection
<<<<<<< HEAD
=======
																																																																																																																																																																																								GlobalSection(MonoDevelopProperties) = preSolution
=======
																																								GlobalSection(MonoDevelopProperties) = preSolution
>>>>>>> 88db7a4461cc0ad96a7701a35f9414cbe62b9322
=======
																								GlobalSection(MonoDevelopProperties) = preSolution
>>>>>>> origin/student-tests
		StartupItem = Assembly-CSharp.csproj
		Policies = $0
		$0.TextStylePolicy = $1
		$1.inheritsSet = null
		$1.scope = text/x-csharp
		$0.CSharpFormattingPolicy = $2
		$2.inheritsSet = Mono
		$2.inheritsScope = text/x-csharp
		$2.scope = text/x-csharp
		$0.TextStylePolicy = $3
		$3.FileWidth = 120
		$3.TabWidth = 4
		$3.IndentWidth = 4
		$3.EolMarker = Unix
		$3.inheritsSet = Mono
		$3.inheritsScope = text/plain
		$3.scope = text/plain
	EndGlobalSection

>>>>>>> a26bffae702bd568c864dfbe6681f29228c244f1
EndGlobal
